#checking﻿
Microsoft Visual Studio Solution File, Format Version 11.00
# Visual C++ Express 2010
Project("{8BC9CEB8-8B4A-11D0-8D11-00A0C91BC942}") = "oc", "oc\oc.vcxproj", "{4BD79C85-C393-4877-A8BB-6BBB21A98B2B}"
EndProject
Global
	GlobalSection(SolutionConfigurationPlatforms) = preSolution
		Debug|Win32 = Debug|Win32
		Release|Win32 = Release|Win32
	EndGlobalSection
	GlobalSection(ProjectConfigurationPlatforms) = postSolution
		{4BD79C85-C393-4877-A8BB-6BBB21A98B2B}.Debug|Win32.ActiveCfg = Debug|Win32
		{4BD79C85-C393-4877-A8BB-6BBB21A98B2B}.Debug|Win32.Build.0 = Debug|Win32
		{4BD79C85-C393-4877-A8BB-6BBB21A98B2B}.Release|Win32.ActiveCfg = Release|Win32
		{4BD79C85-C393-4877-A8BB-6BBB21A98B2B}.Release|Win32.Build.0 = Release|Win32
	EndGlobalSection
	GlobalSection(SolutionProperties) = preSolution
		HideSolutionNode = FALSE
	EndGlobalSection
EndGlobal
